// !$*UTF8*$!
{
	archiveVersion = 1;
	classes = {
	};
	objectVersion = 56;
	objects = {

/* Begin PBXBuildFile section */
		B1570CBA2ADFC4A600641351 /* Truwa3App.swift in Sources */ = {isa = PBXBuildFile; fileRef = B1570CB92ADFC4A600641351 /* Truwa3App.swift */; };
		B1570CBC2ADFC4A600641351 /* ContentView.swift in Sources */ = {isa = PBXBuildFile; fileRef = B1570CBB2ADFC4A600641351 /* ContentView.swift */; };
		B1570CBE2ADFC4A700641351 /* Assets.xcassets in Resources */ = {isa = PBXBuildFile; fileRef = B1570CBD2ADFC4A700641351 /* Assets.xcassets */; };
		B1570CC12ADFC4A700641351 /* Preview Assets.xcassets in Resources */ = {isa = PBXBuildFile; fileRef = B1570CC02ADFC4A700641351 /* Preview Assets.xcassets */; };
		B1570CC82ADFC55C00641351 /* creat_acc.swift in Sources */ = {isa = PBXBuildFile; fileRef = B1570CC72ADFC55C00641351 /* creat_acc.swift */; };
		B1570CCA2ADFC5AB00641351 /* withApple.swift in Sources */ = {isa = PBXBuildFile; fileRef = B1570CC92ADFC5AB00641351 /* withApple.swift */; };
		B1570CCC2ADFC5D600641351 /* profile.swift in Sources */ = {isa = PBXBuildFile; fileRef = B1570CCB2ADFC5D500641351 /* profile.swift */; };
		B1570CCE2ADFC5F900641351 /* TabBar.swift in Sources */ = {isa = PBXBuildFile; fileRef = B1570CCD2ADFC5F900641351 /* TabBar.swift */; };
		B1570CD02ADFC61A00641351 /* main_page.swift in Sources */ = {isa = PBXBuildFile; fileRef = B1570CCF2ADFC61A00641351 /* main_page.swift */; };
		B1570CD22ADFC63C00641351 /* otp.swift in Sources */ = {isa = PBXBuildFile; fileRef = B1570CD12ADFC63C00641351 /* otp.swift */; };
		B1570CD62ADFC6C400641351 /* OnboardingView.swift in Sources */ = {isa = PBXBuildFile; fileRef = B1570CD52ADFC6C400641351 /* OnboardingView.swift */; };
		B1570CD82ADFC70300641351 /* OnboardingData.swift in Sources */ = {isa = PBXBuildFile; fileRef = B1570CD72ADFC70300641351 /* OnboardingData.swift */; };
		B1570CDA2ADFC73D00641351 /* AudioPlay2.swift in Sources */ = {isa = PBXBuildFile; fileRef = B1570CD92ADFC73D00641351 /* AudioPlay2.swift */; };
		B1570CDC2ADFC75F00641351 /* AudioPlay1.swift in Sources */ = {isa = PBXBuildFile; fileRef = B1570CDB2ADFC75F00641351 /* AudioPlay1.swift */; };
		B1570CDE2ADFC78B00641351 /* Alerts.swift in Sources */ = {isa = PBXBuildFile; fileRef = B1570CDD2ADFC78B00641351 /* Alerts.swift */; };
		B1570CE02ADFC7B100641351 /* frends.swift in Sources */ = {isa = PBXBuildFile; fileRef = B1570CDF2ADFC7B100641351 /* frends.swift */; };
		B1570CE22ADFC7CF00641351 /* share.swift in Sources */ = {isa = PBXBuildFile; fileRef = B1570CE12ADFC7CF00641351 /* share.swift */; };
		B1570CE42ADFC7F100641351 /* Thechoices.swift in Sources */ = {isa = PBXBuildFile; fileRef = B1570CE32ADFC7F100641351 /* Thechoices.swift */; };
		B1570CE62ADFC83B00641351 /* favorite.swift in Sources */ = {isa = PBXBuildFile; fileRef = B1570CE52ADFC83B00641351 /* favorite.swift */; };
/* End PBXBuildFile section */

/* Begin PBXFileReference section */
		B1570CB62ADFC4A600641351 /* Truwa3.app */ = {isa = PBXFileReference; explicitFileType = wrapper.application; includeInIndex = 0; path = Truwa3.app; sourceTree = BUILT_PRODUCTS_DIR; };
		B1570CB92ADFC4A600641351 /* Truwa3App.swift */ = {isa = PBXFileReference; lastKnownFileType = sourcecode.swift; path = Truwa3App.swift; sourceTree = "<group>"; };
		B1570CBB2ADFC4A600641351 /* ContentView.swift */ = {isa = PBXFileReference; lastKnownFileType = sourcecode.swift; path = ContentView.swift; sourceTree = "<group>"; };
		B1570CBD2ADFC4A700641351 /* Assets.xcassets */ = {isa = PBXFileReference; lastKnownFileType = folder.assetcatalog; path = Assets.xcassets; sourceTree = "<group>"; };
		B1570CC02ADFC4A700641351 /* Preview Assets.xcassets */ = {isa = PBXFileReference; lastKnownFileType = folder.assetcatalog; path = "Preview Assets.xcassets"; sourceTree = "<group>"; };
		B1570CC72ADFC55C00641351 /* creat_acc.swift */ = {isa = PBXFileReference; lastKnownFileType = sourcecode.swift; path = creat_acc.swift; sourceTree = "<group>"; };
		B1570CC92ADFC5AB00641351 /* withApple.swift */ = {isa = PBXFileReference; lastKnownFileType = sourcecode.swift; path = withApple.swift; sourceTree = "<group>"; };
		B1570CCB2ADFC5D500641351 /* profile.swift */ = {isa = PBXFileReference; lastKnownFileType = sourcecode.swift; path = profile.swift; sourceTree = "<group>"; };
		B1570CCD2ADFC5F900641351 /* TabBar.swift */ = {isa = PBXFileReference; lastKnownFileType = sourcecode.swift; path = TabBar.swift; sourceTree = "<group>"; };
		B1570CCF2ADFC61A00641351 /* main_page.swift */ = {isa = PBXFileReference; lastKnownFileType = sourcecode.swift; path = main_page.swift; sourceTree = "<group>"; };
		B1570CD12ADFC63C00641351 /* otp.swift */ = {isa = PBXFileReference; lastKnownFileType = sourcecode.swift; path = otp.swift; sourceTree = "<group>"; };
		B1570CD52ADFC6C400641351 /* OnboardingView.swift */ = {isa = PBXFileReference; lastKnownFileType = sourcecode.swift; path = OnboardingView.swift; sourceTree = "<group>"; };
		B1570CD72ADFC70300641351 /* OnboardingData.swift */ = {isa = PBXFileReference; lastKnownFileType = sourcecode.swift; path = OnboardingData.swift; sourceTree = "<group>"; };
		B1570CD92ADFC73D00641351 /* AudioPlay2.swift */ = {isa = PBXFileReference; lastKnownFileType = sourcecode.swift; path = AudioPlay2.swift; sourceTree = "<group>"; };
		B1570CDB2ADFC75F00641351 /* AudioPlay1.swift */ = {isa = PBXFileReference; lastKnownFileType = sourcecode.swift; path = AudioPlay1.swift; sourceTree = "<group>"; };
		B1570CDD2ADFC78B00641351 /* Alerts.swift */ = {isa = PBXFileReference; lastKnownFileType = sourcecode.swift; path = Alerts.swift; sourceTree = "<group>"; };
		B1570CDF2ADFC7B100641351 /* frends.swift */ = {isa = PBXFileReference; lastKnownFileType = sourcecode.swift; path = frends.swift; sourceTree = "<group>"; };
		B1570CE12ADFC7CF00641351 /* share.swift */ = {isa = PBXFileReference; lastKnownFileType = sourcecode.swift; path = share.swift; sourceTree = "<group>"; };
		B1570CE32ADFC7F100641351 /* Thechoices.swift */ = {isa = PBXFileReference; lastKnownFileType = sourcecode.swift; path = Thechoices.swift; sourceTree = "<group>"; };
		B1570CE52ADFC83B00641351 /* favorite.swift */ = {isa = PBXFileReference; lastKnownFileType = sourcecode.swift; path = favorite.swift; sourceTree = "<group>"; };
/* End PBXFileReference section */

/* Begin PBXFrameworksBuildPhase section */
		B1570CB32ADFC4A600641351 /* Frameworks */ = {
			isa = PBXFrameworksBuildPhase;
			buildActionMask = 2147483647;
			files = (
			);
			runOnlyForDeploymentPostprocessing = 0;
		};
/* End PBXFrameworksBuildPhase section */

/* Begin PBXGroup section */
		B1570CAD2ADFC4A600641351 = {
			isa = PBXGroup;
			children = (
				B1570CB82ADFC4A600641351 /* Truwa3 */,
				B1570CB72ADFC4A600641351 /* Products */,
			);
			sourceTree = "<group>";
		};
		B1570CB72ADFC4A600641351 /* Products */ = {
			isa = PBXGroup;
			children = (
				B1570CB62ADFC4A600641351 /* Truwa3.app */,
			);
			name = Products;
			sourceTree = "<group>";
		};
		B1570CB82ADFC4A600641351 /* Truwa3 */ = {
			isa = PBXGroup;
			children = (
				B1570CB92ADFC4A600641351 /* Truwa3App.swift */,
				B1570CBB2ADFC4A600641351 /* ContentView.swift */,
				B1570CC72ADFC55C00641351 /* creat_acc.swift */,
				B1570CC92ADFC5AB00641351 /* withApple.swift */,
				B1570CCB2ADFC5D500641351 /* profile.swift */,
				B1570CCD2ADFC5F900641351 /* TabBar.swift */,
				B1570CCF2ADFC61A00641351 /* main_page.swift */,
				B1570CD12ADFC63C00641351 /* otp.swift */,
				B1570CD52ADFC6C400641351 /* OnboardingView.swift */,
				B1570CD72ADFC70300641351 /* OnboardingData.swift */,
				B1570CD92ADFC73D00641351 /* AudioPlay2.swift */,
				B1570CDB2ADFC75F00641351 /* AudioPlay1.swift */,
				B1570CDD2ADFC78B00641351 /* Alerts.swift */,
				B1570CDF2ADFC7B100641351 /* frends.swift */,
				B1570CE12ADFC7CF00641351 /* share.swift */,
				B1570CE32ADFC7F100641351 /* Thechoices.swift */,
				B1570CE52ADFC83B00641351 /* favorite.swift */,
				B1570CBD2ADFC4A700641351 /* Assets.xcassets */,
				B1570CBF2ADFC4A700641351 /* Preview Content */,
			);
			path = Truwa3;
			sourceTree = "<group>";
		};
		B1570CBF2ADFC4A700641351 /* Preview Content */ = {
			isa = PBXGroup;
			children = (
				B1570CC02ADFC4A700641351 /* Preview Assets.xcassets */,
			);
			path = "Preview Content";
			sourceTree = "<group>";
		};
/* End PBXGroup section */

/* Begin PBXNativeTarget section */
		B1570CB52ADFC4A600641351 /* Truwa3 */ = {
			isa = PBXNativeTarget;
			buildConfigurationList = B1570CC42ADFC4A700641351 /* Build configuration list for PBXNativeTarget "Truwa3" */;
			buildPhases = (
				B1570CB22ADFC4A600641351 /* Sources */,
				B1570CB32ADFC4A600641351 /* Frameworks */,
				B1570CB42ADFC4A600641351 /* Resources */,
			);
			buildRules = (
			);
			dependencies = (
			);
			name = Truwa3;
			productName = Truwa3;
			productReference = B1570CB62ADFC4A600641351 /* Truwa3.app */;
			productType = "com.apple.product-type.application";
		};
/* End PBXNativeTarget section */

/* Begin PBXProject section */
		B1570CAE2ADFC4A600641351 /* Project object */ = {
			isa = PBXProject;
			attributes = {
				BuildIndependentTargetsInParallel = 1;
				LastSwiftUpdateCheck = 1500;
				LastUpgradeCheck = 1500;
				TargetAttributes = {
					B1570CB52ADFC4A600641351 = {
						CreatedOnToolsVersion = 15.0;
					};
				};
			};
			buildConfigurationList = B1570CB12ADFC4A600641351 /* Build configuration list for PBXProject "Truwa3" */;
			compatibilityVersion = "Xcode 14.0";
			developmentRegion = en;
			hasScannedForEncodings = 0;
			knownRegions = (
				en,
				Base,
			);
			mainGroup = B1570CAD2ADFC4A600641351;
			productRefGroup = B1570CB72ADFC4A600641351 /* Products */;
			projectDirPath = "";
			projectRoot = "";
			targets = (
				B1570CB52ADFC4A600641351 /* Truwa3 */,
			);
		};
/* End PBXProject section */

/* Begin PBXResourcesBuildPhase section */
		B1570CB42ADFC4A600641351 /* Resources */ = {
			isa = PBXResourcesBuildPhase;
			buildActionMask = 2147483647;
			files = (
				B1570CC12ADFC4A700641351 /* Preview Assets.xcassets in Resources */,
				B1570CBE2ADFC4A700641351 /* Assets.xcassets in Resources */,
			);
			runOnlyForDeploymentPostprocessing = 0;
		};
/* End PBXResourcesBuildPhase section */

/* Begin PBXSourcesBuildPhase section */
		B1570CB22ADFC4A600641351 /* Sources */ = {
			isa = PBXSourcesBuildPhase;
			buildActionMask = 2147483647;
			files = (
				B1570CDC2ADFC75F00641351 /* AudioPlay1.swift in Sources */,
				B1570CE02ADFC7B100641351 /* frends.swift in Sources */,
				B1570CD02ADFC61A00641351 /* main_page.swift in Sources */,
				B1570CCA2ADFC5AB00641351 /* withApple.swift in Sources */,
				B1570CE22ADFC7CF00641351 /* share.swift in Sources */,
				B1570CE62ADFC83B00641351 /* favorite.swift in Sources */,
				B1570CC82ADFC55C00641351 /* creat_acc.swift in Sources */,
				B1570CD62ADFC6C400641351 /* OnboardingView.swift in Sources */,
				B1570CBC2ADFC4A600641351 /* ContentView.swift in Sources */,
				B1570CCE2ADFC5F900641351 /* TabBar.swift in Sources */,
				B1570CD82ADFC70300641351 /* OnboardingData.swift in Sources */,
				B1570CE42ADFC7F100641351 /* Thechoices.swift in Sources */,
				B1570CDE2ADFC78B00641351 /* Alerts.swift in Sources */,
				B1570CCC2ADFC5D600641351 /* profile.swift in Sources */,
				B1570CBA2ADFC4A600641351 /* Truwa3App.swift in Sources */,
				B1570CD22ADFC63C00641351 /* otp.swift in Sources */,
				B1570CDA2ADFC73D00641351 /* AudioPlay2.swift in Sources */,
			);
			runOnlyForDeploymentPostprocessing = 0;
		};
/* End PBXSourcesBuildPhase section */

/* Begin XCBuildConfiguration section */
		B1570CC22ADFC4A700641351 /* Debug */ = {
			isa = XCBuildConfiguration;
			buildSettings = {
				ALWAYS_SEARCH_USER_PATHS = NO;
				ASSETCATALOG_COMPILER_GENERATE_SWIFT_ASSET_SYMBOL_EXTENSIONS = YES;
				CLANG_ANALYZER_NONNULL = YES;
				CLANG_ANALYZER_NUMBER_OBJECT_CONVERSION = YES_AGGRESSIVE;
				CLANG_CXX_LANGUAGE_STANDARD = "gnu++20";
				CLANG_ENABLE_MODULES = YES;
				CLANG_ENABLE_OBJC_ARC = YES;
				CLANG_ENABLE_OBJC_WEAK = YES;
				CLANG_WARN_BLOCK_CAPTURE_AUTORELEASING = YES;
				CLANG_WARN_BOOL_CONVERSION = YES;
				CLANG_WARN_COMMA = YES;
				CLANG_WARN_CONSTANT_CONVERSION = YES;
				CLANG_WARN_DEPRECATED_OBJC_IMPLEMENTATIONS = YES;
				CLANG_WARN_DIRECT_OBJC_ISA_USAGE = YES_ERROR;
				CLANG_WARN_DOCUMENTATION_COMMENTS = YES;
				CLANG_WARN_EMPTY_BODY = YES;
				CLANG_WARN_ENUM_CONVERSION = YES;
				CLANG_WARN_INFINITE_RECURSION = YES;
				CLANG_WARN_INT_CONVERSION = YES;
				CLANG_WARN_NON_LITERAL_NULL_CONVERSION = YES;
				CLANG_WARN_OBJC_IMPLICIT_RETAIN_SELF = YES;
				CLANG_WARN_OBJC_LITERAL_CONVERSION = YES;
				CLANG_WARN_OBJC_ROOT_CLASS = YES_ERROR;
				CLANG_WARN_QUOTED_INCLUDE_IN_FRAMEWORK_HEADER = YES;
				CLANG_WARN_RANGE_LOOP_ANALYSIS = YES;
				CLANG_WARN_STRICT_PROTOTYPES = YES;
				CLANG_WARN_SUSPICIOUS_MOVE = YES;
				CLANG_WARN_UNGUARDED_AVAILABILITY = YES_AGGRESSIVE;
				CLANG_WARN_UNREACHABLE_CODE = YES;
				CLANG_WARN__DUPLICATE_METHOD_MATCH = YES;
				COPY_PHASE_STRIP = NO;
				DEBUG_INFORMATION_FORMAT = dwarf;
				ENABLE_STRICT_OBJC_MSGSEND = YES;
				ENABLE_TESTABILITY = YES;
				ENABLE_USER_SCRIPT_SANDBOXING = YES;
				GCC_C_LANGUAGE_STANDARD = gnu17;
				GCC_DYNAMIC_NO_PIC = NO;
				GCC_NO_COMMON_BLOCKS = YES;
				GCC_OPTIMIZATION_LEVEL = 0;
				GCC_PREPROCESSOR_DEFINITIONS = (
					"DEBUG=1",
					"$(inherited)",
				);
				GCC_WARN_64_TO_32_BIT_CONVERSION = YES;
				GCC_WARN_ABOUT_RETURN_TYPE = YES_ERROR;
				GCC_WARN_UNDECLARED_SELECTOR = YES;
				GCC_WARN_UNINITIALIZED_AUTOS = YES_AGGRESSIVE;
				GCC_WARN_UNUSED_FUNCTION = YES;
				GCC_WARN_UNUSED_VARIABLE = YES;
				IPHONEOS_DEPLOYMENT_TARGET = 17.0;
				LOCALIZATION_PREFERS_STRING_CATALOGS = YES;
				MTL_ENABLE_DEBUG_INFO = INCLUDE_SOURCE;
				MTL_FAST_MATH = YES;
				ONLY_ACTIVE_ARCH = YES;
				SDKROOT = iphoneos;
				SWIFT_ACTIVE_COMPILATION_CONDITIONS = "DEBUG $(inherited)";
				SWIFT_OPTIMIZATION_LEVEL = "-Onone";
			};
			name = Debug;
		};
		B1570CC32ADFC4A700641351 /* Release */ = {
			isa = XCBuildConfiguration;
			buildSettings = {
				ALWAYS_SEARCH_USER_PATHS = NO;
				ASSETCATALOG_COMPILER_GENERATE_SWIFT_ASSET_SYMBOL_EXTENSIONS = YES;
				CLANG_ANALYZER_NONNULL = YES;
				CLANG_ANALYZER_NUMBER_OBJECT_CONVERSION = YES_AGGRESSIVE;
				CLANG_CXX_LANGUAGE_STANDARD = "gnu++20";
				CLANG_ENABLE_MODULES = YES;
				CLANG_ENABLE_OBJC_ARC = YES;
				CLANG_ENABLE_OBJC_WEAK = YES;
				CLANG_WARN_BLOCK_CAPTURE_AUTORELEASING = YES;
				CLANG_WARN_BOOL_CONVERSION = YES;
				CLANG_WARN_COMMA = YES;
				CLANG_WARN_CONSTANT_CONVERSION = YES;
				CLANG_WARN_DEPRECATED_OBJC_IMPLEMENTATIONS = YES;
				CLANG_WARN_DIRECT_OBJC_ISA_USAGE = YES_ERROR;
				CLANG_WARN_DOCUMENTATION_COMMENTS = YES;
				CLANG_WARN_EMPTY_BODY = YES;
				CLANG_WARN_ENUM_CONVERSION = YES;
				CLANG_WARN_INFINITE_RECURSION = YES;
				CLANG_WARN_INT_CONVERSION = YES;
				CLANG_WARN_NON_LITERAL_NULL_CONVERSION = YES;
				CLANG_WARN_OBJC_IMPLICIT_RETAIN_SELF = YES;
				CLANG_WARN_OBJC_LITERAL_CONVERSION = YES;
				CLANG_WARN_OBJC_ROOT_CLASS = YES_ERROR;
				CLANG_WARN_QUOTED_INCLUDE_IN_FRAMEWORK_HEADER = YES;
				CLANG_WARN_RANGE_LOOP_ANALYSIS = YES;
				CLANG_WARN_STRICT_PROTOTYPES = YES;
				CLANG_WARN_SUSPICIOUS_MOVE = YES;
				CLANG_WARN_UNGUARDED_AVAILABILITY = YES_AGGRESSIVE;
				CLANG_WARN_UNREACHABLE_CODE = YES;
				CLANG_WARN__DUPLICATE_METHOD_MATCH = YES;
				COPY_PHASE_STRIP = NO;
				DEBUG_INFORMATION_FORMAT = "dwarf-with-dsym";
				ENABLE_NS_ASSERTIONS = NO;
				ENABLE_STRICT_OBJC_MSGSEND = YES;
				ENABLE_USER_SCRIPT_SANDBOXING = YES;
				GCC_C_LANGUAGE_STANDARD = gnu17;
				GCC_NO_COMMON_BLOCKS = YES;
				GCC_WARN_64_TO_32_BIT_CONVERSION = YES;
				GCC_WARN_ABOUT_RETURN_TYPE = YES_ERROR;
				GCC_WARN_UNDECLARED_SELECTOR = YES;
				GCC_WARN_UNINITIALIZED_AUTOS = YES_AGGRESSIVE;
				GCC_WARN_UNUSED_FUNCTION = YES;
				GCC_WARN_UNUSED_VARIABLE = YES;
				IPHONEOS_DEPLOYMENT_TARGET = 17.0;
				LOCALIZATION_PREFERS_STRING_CATALOGS = YES;
				MTL_ENABLE_DEBUG_INFO = NO;
				MTL_FAST_MATH = YES;
				SDKROOT = iphoneos;
				SWIFT_COMPILATION_MODE = wholemodule;
				VALIDATE_PRODUCT = YES;
			};
			name = Release;
		};
		B1570CC52ADFC4A700641351 /* Debug */ = {
			isa = XCBuildConfiguration;
			buildSettings = {
				ASSETCATALOG_COMPILER_APPICON_NAME = AppIcon;
				ASSETCATALOG_COMPILER_GLOBAL_ACCENT_COLOR_NAME = AccentColor;
				CODE_SIGN_STYLE = Automatic;
				CURRENT_PROJECT_VERSION = 1;
				DEVELOPMENT_ASSET_PATHS = "\"Truwa3/Preview Content\"";
				ENABLE_PREVIEWS = YES;
				GENERATE_INFOPLIST_FILE = YES;
				INFOPLIST_KEY_UIApplicationSceneManifest_Generation = YES;
				INFOPLIST_KEY_UIApplicationSupportsIndirectInputEvents = YES;
				INFOPLIST_KEY_UILaunchScreen_Generation = YES;
				INFOPLIST_KEY_UISupportedInterfaceOrientations_iPad = "UIInterfaceOrientationPortrait UIInterfaceOrientationPortraitUpsideDown UIInterfaceOrientationLandscapeLeft UIInterfaceOrientationLandscapeRight";
				INFOPLIST_KEY_UISupportedInterfaceOrientations_iPhone = "UIInterfaceOrientationPortrait UIInterfaceOrientationLandscapeLeft UIInterfaceOrientationLandscapeRight";
				LD_RUNPATH_SEARCH_PATHS = (
					"$(inherited)",
					"@executable_path/Frameworks",
				);
				MARKETING_VERSION = 1.0;
				PRODUCT_BUNDLE_IDENTIFIER = w.Truwa3;
				PRODUCT_NAME = "$(TARGET_NAME)";
				SWIFT_EMIT_LOC_STRINGS = YES;
				SWIFT_VERSION = 5.0;
				TARGETED_DEVICE_FAMILY = "1,2";
			};
			name = Debug;
		};
		B1570CC62ADFC4A700641351 /* Release */ = {
			isa = XCBuildConfiguration;
			buildSettings = {
				ASSETCATALOG_COMPILER_APPICON_NAME = AppIcon;
				ASSETCATALOG_COMPILER_GLOBAL_ACCENT_COLOR_NAME = AccentColor;
				CODE_SIGN_STYLE = Automatic;
				CURRENT_PROJECT_VERSION = 1;
				DEVELOPMENT_ASSET_PATHS = "\"Truwa3/Preview Content\"";
				ENABLE_PREVIEWS = YES;
				GENERATE_INFOPLIST_FILE = YES;
				INFOPLIST_KEY_UIApplicationSceneManifest_Generation = YES;
				INFOPLIST_KEY_UIApplicationSupportsIndirectInputEvents = YES;
				INFOPLIST_KEY_UILaunchScreen_Generation = YES;
				INFOPLIST_KEY_UISupportedInterfaceOrientations_iPad = "UIInterfaceOrientationPortrait UIInterfaceOrientationPortraitUpsideDown UIInterfaceOrientationLandscapeLeft UIInterfaceOrientationLandscapeRight";
				INFOPLIST_KEY_UISupportedInterfaceOrientations_iPhone = "UIInterfaceOrientationPortrait UIInterfaceOrientationLandscapeLeft UIInterfaceOrientationLandscapeRight";
				LD_RUNPATH_SEARCH_PATHS = (
					"$(inherited)",
					"@executable_path/Frameworks",
				);
				MARKETING_VERSION = 1.0;
				PRODUCT_BUNDLE_IDENTIFIER = w.Truwa3;
				PRODUCT_NAME = "$(TARGET_NAME)";
				SWIFT_EMIT_LOC_STRINGS = YES;
				SWIFT_VERSION = 5.0;
				TARGETED_DEVICE_FAMILY = "1,2";
			};
			name = Release;
		};
/* End XCBuildConfiguration section */

/* Begin XCConfigurationList section */
		B1570CB12ADFC4A600641351 /* Build configuration list for PBXProject "Truwa3" */ = {
			isa = XCConfigurationList;
			buildConfigurations = (
				B1570CC22ADFC4A700641351 /* Debug */,
				B1570CC32ADFC4A700641351 /* Release */,
			);
			defaultConfigurationIsVisible = 0;
			defaultConfigurationName = Release;
		};
		B1570CC42ADFC4A700641351 /* Build configuration list for PBXNativeTarget "Truwa3" */ = {
			isa = XCConfigurationList;
			buildConfigurations = (
				B1570CC52ADFC4A700641351 /* Debug */,
				B1570CC62ADFC4A700641351 /* Release */,
			);
			defaultConfigurationIsVisible = 0;
			defaultConfigurationName = Release;
		};
/* End XCConfigurationList section */
	};
	rootObject = B1570CAE2ADFC4A600641351 /* Project object */;
}
